
Microsoft Visual Studio Solution File, Format Version 12.00
# Visual Studio Version 16
VisualStudioVersion = 16.0.31702.278
MinimumVisualStudioVersion = 10.0.40219.1
Project("{FAE04EC0-301F-11D3-BF4B-00C04F79EFBC}") = "WindowsEFLinq", "WindowsEFLinq\WindowsEFLinq.csproj", "{6A039195-03D0-4E6B-878B-41C234A73B64}"
EndProject
Project("{FAE04EC0-301F-11D3-BF4B-00C04F79EFBC}") = "WindowsPubs", "WindowsPubs\WindowsPubs.csproj", "{7CD83160-B67D-43C6-8131-941B1D810010}"
EndProject
Global
	GlobalSection(SolutionConfigurationPlatforms) = preSolution
		Debug|Any CPU = Debug|Any CPU
		Release|Any CPU = Release|Any CPU
	EndGlobalSection
	GlobalSection(ProjectConfigurationPlatforms) = postSolution
		{6A039195-03D0-4E6B-878B-41C234A73B64}.Debug|Any CPU.ActiveCfg = Debug|Any CPU
		{6A039195-03D0-4E6B-878B-41C234A73B64}.Debug|Any CPU.Build.0 = Debug|Any CPU
		{6A039195-03D0-4E6B-878B-41C234A73B64}.Release|Any CPU.ActiveCfg = Release|Any CPU
		{6A039195-03D0-4E6B-878B-41C234A73B64}.Release|Any CPU.Build.0 = Release|Any CPU
		{7CD83160-B67D-43C6-8131-941B1D810010}.Debug|Any CPU.ActiveCfg = Debug|Any CPU
		{7CD83160-B67D-43C6-8131-941B1D810010}.Debug|Any CPU.Build.0 = Debug|Any CPU
		{7CD83160-B67D-43C6-8131-941B1D810010}.Release|Any CPU.ActiveCfg = Release|Any CPU
		{7CD83160-B67D-43C6-8131-941B1D810010}.Release|Any CPU.Build.0 = Release|Any CPU
	EndGlobalSection
	GlobalSection(SolutionProperties) = preSolution
		HideSolutionNode = FALSE
	EndGlobalSection
	GlobalSection(ExtensibilityGlobals) = postSolution
		SolutionGuid = {8E8F6A63-8177-4F4F-BCBE-84879D588B01}
	EndGlobalSection
EndGlobal
